// !$*UTF8*$!
{
	archiveVersion = 1;
	classes = {
	};
	objectVersion = 46;
	objects = {

/* Begin PBXBuildFile section */
		24382809147427CF00729A45 /* UIKit.framework in Frameworks */ = {isa = PBXBuildFile; fileRef = 24382808147427CF00729A45 /* UIKit.framework */; };
		2438280B147427CF00729A45 /* Foundation.framework in Frameworks */ = {isa = PBXBuildFile; fileRef = 2438280A147427CF00729A45 /* Foundation.framework */; };
		2438280D147427CF00729A45 /* CoreGraphics.framework in Frameworks */ = {isa = PBXBuildFile; fileRef = 2438280C147427CF00729A45 /* CoreGraphics.framework */; };
		24382813147427CF00729A45 /* InfoPlist.strings in Resources */ = {isa = PBXBuildFile; fileRef = 24382811147427CF00729A45 /* InfoPlist.strings */; };
		24382815147427CF00729A45 /* main.m in Sources */ = {isa = PBXBuildFile; fileRef = 24382814147427CF00729A45 /* main.m */; };
		24382819147427CF00729A45 /* FieldGoalChartingAppDelegate.m in Sources */ = {isa = PBXBuildFile; fileRef = 24382818147427CF00729A45 /* FieldGoalChartingAppDelegate.m */; };
		2438281C147427CF00729A45 /* MainWindow.xib in Resources */ = {isa = PBXBuildFile; fileRef = 2438281A147427CF00729A45 /* MainWindow.xib */; };
		2438281F147427CF00729A45 /* FieldGoalChartingViewController.m in Sources */ = {isa = PBXBuildFile; fileRef = 2438281E147427CF00729A45 /* FieldGoalChartingViewController.m */; };
		24382822147427CF00729A45 /* FieldGoalChartingViewController.xib in Resources */ = {isa = PBXBuildFile; fileRef = 24382820147427CF00729A45 /* FieldGoalChartingViewController.xib */; };
/* End PBXBuildFile section */

/* Begin PBXFileReference section */
		24382804147427CF00729A45 /* FieldGoalCharting.app */ = {isa = PBXFileReference; explicitFileType = wrapper.application; includeInIndex = 0; path = FieldGoalCharting.app; sourceTree = BUILT_PRODUCTS_DIR; };
		24382808147427CF00729A45 /* UIKit.framework */ = {isa = PBXFileReference; lastKnownFileType = wrapper.framework; name = UIKit.framework; path = System/Library/Frameworks/UIKit.framework; sourceTree = SDKROOT; };
		2438280A147427CF00729A45 /* Foundation.framework */ = {isa = PBXFileReference; lastKnownFileType = wrapper.framework; name = Foundation.framework; path = System/Library/Frameworks/Foundation.framework; sourceTree = SDKROOT; };
		2438280C147427CF00729A45 /* CoreGraphics.framework */ = {isa = PBXFileReference; lastKnownFileType = wrapper.framework; name = CoreGraphics.framework; path = System/Library/Frameworks/CoreGraphics.framework; sourceTree = SDKROOT; };
		24382810147427CF00729A45 /* FieldGoalCharting-Info.plist */ = {isa = PBXFileReference; lastKnownFileType = text.plist.xml; path = "FieldGoalCharting-Info.plist"; sourceTree = "<group>"; };
		24382812147427CF00729A45 /* en */ = {isa = PBXFileReference; lastKnownFileType = text.plist.strings; name = en; path = en.lproj/InfoPlist.strings; sourceTree = "<group>"; };
		24382814147427CF00729A45 /* main.m */ = {isa = PBXFileReference; lastKnownFileType = sourcecode.c.objc; path = main.m; sourceTree = "<group>"; };
		24382816147427CF00729A45 /* FieldGoalCharting-Prefix.pch */ = {isa = PBXFileReference; lastKnownFileType = sourcecode.c.h; path = "FieldGoalCharting-Prefix.pch"; sourceTree = "<group>"; };
		24382817147427CF00729A45 /* FieldGoalChartingAppDelegate.h */ = {isa = PBXFileReference; lastKnownFileType = sourcecode.c.h; path = FieldGoalChartingAppDelegate.h; sourceTree = "<group>"; };
		24382818147427CF00729A45 /* FieldGoalChartingAppDelegate.m */ = {isa = PBXFileReference; lastKnownFileType = sourcecode.c.objc; path = FieldGoalChartingAppDelegate.m; sourceTree = "<group>"; };
		2438281B147427CF00729A45 /* en */ = {isa = PBXFileReference; lastKnownFileType = file.xib; name = en; path = en.lproj/MainWindow.xib; sourceTree = "<group>"; };
		2438281D147427CF00729A45 /* FieldGoalChartingViewController.h */ = {isa = PBXFileReference; lastKnownFileType = sourcecode.c.h; path = FieldGoalChartingViewController.h; sourceTree = "<group>"; };
		2438281E147427CF00729A45 /* FieldGoalChartingViewController.m */ = {isa = PBXFileReference; lastKnownFileType = sourcecode.c.objc; path = FieldGoalChartingViewController.m; sourceTree = "<group>"; };
		24382821147427CF00729A45 /* en */ = {isa = PBXFileReference; lastKnownFileType = file.xib; name = en; path = en.lproj/FieldGoalChartingViewController.xib; sourceTree = "<group>"; };
/* End PBXFileReference section */

/* Begin PBXFrameworksBuildPhase section */
		24382801147427CF00729A45 /* Frameworks */ = {
			isa = PBXFrameworksBuildPhase;
			buildActionMask = 2147483647;
			files = (
				24382809147427CF00729A45 /* UIKit.framework in Frameworks */,
				2438280B147427CF00729A45 /* Foundation.framework in Frameworks */,
				2438280D147427CF00729A45 /* CoreGraphics.framework in Frameworks */,
			);
			runOnlyForDeploymentPostprocessing = 0;
		};
/* End PBXFrameworksBuildPhase section */

/* Begin PBXGroup section */
		243827F9147427CF00729A45 = {
			isa = PBXGroup;
			children = (
				2438280E147427CF00729A45 /* FieldGoalCharting */,
				24382807147427CF00729A45 /* Frameworks */,
				24382805147427CF00729A45 /* Products */,
			);
			sourceTree = "<group>";
		};
		24382805147427CF00729A45 /* Products */ = {
			isa = PBXGroup;
			children = (
				24382804147427CF00729A45 /* FieldGoalCharting.app */,
			);
			name = Products;
			sourceTree = "<group>";
		};
		24382807147427CF00729A45 /* Frameworks */ = {
			isa = PBXGroup;
			children = (
				24382808147427CF00729A45 /* UIKit.framework */,
				2438280A147427CF00729A45 /* Foundation.framework */,
				2438280C147427CF00729A45 /* CoreGraphics.framework */,
			);
			name = Frameworks;
			sourceTree = "<group>";
		};
		2438280E147427CF00729A45 /* FieldGoalCharting */ = {
			isa = PBXGroup;
			children = (
				24382817147427CF00729A45 /* FieldGoalChartingAppDelegate.h */,
				24382818147427CF00729A45 /* FieldGoalChartingAppDelegate.m */,
				2438281A147427CF00729A45 /* MainWindow.xib */,
				2438281D147427CF00729A45 /* FieldGoalChartingViewController.h */,
				2438281E147427CF00729A45 /* FieldGoalChartingViewController.m */,
				24382820147427CF00729A45 /* FieldGoalChartingViewController.xib */,
				2438280F147427CF00729A45 /* Supporting Files */,
			);
			path = FieldGoalCharting;
			sourceTree = "<group>";
		};
		2438280F147427CF00729A45 /* Supporting Files */ = {
			isa = PBXGroup;
			children = (
				24382810147427CF00729A45 /* FieldGoalCharting-Info.plist */,
				24382811147427CF00729A45 /* InfoPlist.strings */,
				24382814147427CF00729A45 /* main.m */,
				24382816147427CF00729A45 /* FieldGoalCharting-Prefix.pch */,
			);
			name = "Supporting Files";
			sourceTree = "<group>";
		};
/* End PBXGroup section */

/* Begin PBXNativeTarget section */
		24382803147427CF00729A45 /* FieldGoalCharting */ = {
			isa = PBXNativeTarget;
			buildConfigurationList = 24382825147427CF00729A45 /* Build configuration list for PBXNativeTarget "FieldGoalCharting" */;
			buildPhases = (
				24382800147427CF00729A45 /* Sources */,
				24382801147427CF00729A45 /* Frameworks */,
				24382802147427CF00729A45 /* Resources */,
			);
			buildRules = (
			);
			dependencies = (
			);
			name = FieldGoalCharting;
			productName = FieldGoalCharting;
			productReference = 24382804147427CF00729A45 /* FieldGoalCharting.app */;
			productType = "com.apple.product-type.application";
		};
/* End PBXNativeTarget section */

/* Begin PBXProject section */
		243827FB147427CF00729A45 /* Project object */ = {
			isa = PBXProject;
			buildConfigurationList = 243827FE147427CF00729A45 /* Build configuration list for PBXProject "FieldGoalCharting" */;
			compatibilityVersion = "Xcode 3.2";
			developmentRegion = English;
			hasScannedForEncodings = 0;
			knownRegions = (
				en,
			);
			mainGroup = 243827F9147427CF00729A45;
			productRefGroup = 24382805147427CF00729A45 /* Products */;
			projectDirPath = "";
			projectRoot = "";
			targets = (
				24382803147427CF00729A45 /* FieldGoalCharting */,
			);
		};
/* End PBXProject section */

/* Begin PBXResourcesBuildPhase section */
		24382802147427CF00729A45 /* Resources */ = {
			isa = PBXResourcesBuildPhase;
			buildActionMask = 2147483647;
			files = (
				24382813147427CF00729A45 /* InfoPlist.strings in Resources */,
				2438281C147427CF00729A45 /* MainWindow.xib in Resources */,
				24382822147427CF00729A45 /* FieldGoalChartingViewController.xib in Resources */,
			);
			runOnlyForDeploymentPostprocessing = 0;
		};
/* End PBXResourcesBuildPhase section */

/* Begin PBXSourcesBuildPhase section */
		24382800147427CF00729A45 /* Sources */ = {
			isa = PBXSourcesBuildPhase;
			buildActionMask = 2147483647;
			files = (
				24382815147427CF00729A45 /* main.m in Sources */,
				24382819147427CF00729A45 /* FieldGoalChartingAppDelegate.m in Sources */,
				2438281F147427CF00729A45 /* FieldGoalChartingViewController.m in Sources */,
			);
			runOnlyForDeploymentPostprocessing = 0;
		};
/* End PBXSourcesBuildPhase section */

/* Begin PBXVariantGroup section */
		24382811147427CF00729A45 /* InfoPlist.strings */ = {
			isa = PBXVariantGroup;
			children = (
				24382812147427CF00729A45 /* en */,
			);
			name = InfoPlist.strings;
			sourceTree = "<group>";
		};
		2438281A147427CF00729A45 /* MainWindow.xib */ = {
			isa = PBXVariantGroup;
			children = (
				2438281B147427CF00729A45 /* en */,
			);
			name = MainWindow.xib;
			sourceTree = "<group>";
		};
		24382820147427CF00729A45 /* FieldGoalChartingViewController.xib */ = {
			isa = PBXVariantGroup;
			children = (
				24382821147427CF00729A45 /* en */,
			);
			name = FieldGoalChartingViewController.xib;
			sourceTree = "<group>";
		};
/* End PBXVariantGroup section */

/* Begin XCBuildConfiguration section */
		24382823147427CF00729A45 /* Debug */ = {
			isa = XCBuildConfiguration;
			buildSettings = {
				ALWAYS_SEARCH_USER_PATHS = NO;
				ARCHS = "$(ARCHS_STANDARD_32_BIT)";
				"CODE_SIGN_IDENTITY[sdk=iphoneos*]" = "iPhone Developer";
				COPY_PHASE_STRIP = NO;
				GCC_C_LANGUAGE_STANDARD = gnu99;
				GCC_DYNAMIC_NO_PIC = NO;
				GCC_OPTIMIZATION_LEVEL = 0;
				GCC_PREPROCESSOR_DEFINITIONS = (
					"DEBUG=1",
					"$(inherited)",
				);
				GCC_SYMBOLS_PRIVATE_EXTERN = NO;
				GCC_VERSION = com.apple.compilers.llvmgcc42;
				GCC_WARN_ABOUT_MISSING_PROTOTYPES = YES;
				GCC_WARN_ABOUT_RETURN_TYPE = YES;
				GCC_WARN_UNUSED_VARIABLE = YES;
				IPHONEOS_DEPLOYMENT_TARGET = 4.3;
				SDKROOT = iphoneos;
			};
			name = Debug;
		};
		24382824147427CF00729A45 /* Release */ = {
			isa = XCBuildConfiguration;
			buildSettings = {
				ALWAYS_SEARCH_USER_PATHS = NO;
				ARCHS = "$(ARCHS_STANDARD_32_BIT)";
				"CODE_SIGN_IDENTITY[sdk=iphoneos*]" = "iPhone Developer";
				COPY_PHASE_STRIP = YES;
				GCC_C_LANGUAGE_STANDARD = gnu99;
				GCC_VERSION = com.apple.compilers.llvmgcc42;
				GCC_WARN_ABOUT_MISSING_PROTOTYPES = YES;
				GCC_WARN_ABOUT_RETURN_TYPE = YES;
				GCC_WARN_UNUSED_VARIABLE = YES;
				IPHONEOS_DEPLOYMENT_TARGET = 4.3;
				OTHER_CFLAGS = "-DNS_BLOCK_ASSERTIONS=1";
				SDKROOT = iphoneos;
				VALIDATE_PRODUCT = YES;
			};
			name = Release;
		};
		24382826147427CF00729A45 /* Debug */ = {
			isa = XCBuildConfiguration;
			buildSettings = {
				GCC_PRECOMPILE_PREFIX_HEADER = YES;
				GCC_PREFIX_HEADER = "FieldGoalCharting/FieldGoalCharting-Prefix.pch";
				INFOPLIST_FILE = "FieldGoalCharting/FieldGoalCharting-Info.plist";
				PRODUCT_NAME = "$(TARGET_NAME)";
				WRAPPER_EXTENSION = app;
			};
			name = Debug;
		};
		24382827147427CF00729A45 /* Release */ = {
			isa = XCBuildConfiguration;
			buildSettings = {
				GCC_PRECOMPILE_PREFIX_HEADER = YES;
				GCC_PREFIX_HEADER = "FieldGoalCharting/FieldGoalCharting-Prefix.pch";
				INFOPLIST_FILE = "FieldGoalCharting/FieldGoalCharting-Info.plist";
				PRODUCT_NAME = "$(TARGET_NAME)";
				WRAPPER_EXTENSION = app;
			};
			name = Release;
		};
/* End XCBuildConfiguration section */

/* Begin XCConfigurationList section */
		243827FE147427CF00729A45 /* Build configuration list for PBXProject "FieldGoalCharting" */ = {
			isa = XCConfigurationList;
			buildConfigurations = (
				24382823147427CF00729A45 /* Debug */,
				24382824147427CF00729A45 /* Release */,
			);
			defaultConfigurationIsVisible = 0;
			defaultConfigurationName = Release;
		};
		24382825147427CF00729A45 /* Build configuration list for PBXNativeTarget "FieldGoalCharting" */ = {
			isa = XCConfigurationList;
			buildConfigurations = (
				24382826147427CF00729A45 /* Debug */,
				24382827147427CF00729A45 /* Release */,
			);
			defaultConfigurationIsVisible = 0;
		};
/* End XCConfigurationList section */
	};
	rootObject = 243827FB147427CF00729A45 /* Project object */;
}
