// !$*UTF8*$!
{
	archiveVersion = 1;
	classes = {
	};
	objectVersion = 46;
	objects = {

/* Begin PBXBuildFile section */
		24A1717914742C4A005028F4 /* UIKit.framework in Frameworks */ = {isa = PBXBuildFile; fileRef = 24A1717814742C4A005028F4 /* UIKit.framework */; };
		24A1717B14742C4A005028F4 /* Foundation.framework in Frameworks */ = {isa = PBXBuildFile; fileRef = 24A1717A14742C4A005028F4 /* Foundation.framework */; };
		24A1717D14742C4A005028F4 /* CoreGraphics.framework in Frameworks */ = {isa = PBXBuildFile; fileRef = 24A1717C14742C4A005028F4 /* CoreGraphics.framework */; };
		24A1717F14742C4A005028F4 /* CoreData.framework in Frameworks */ = {isa = PBXBuildFile; fileRef = 24A1717E14742C4A005028F4 /* CoreData.framework */; };
		24A1718514742C4B005028F4 /* InfoPlist.strings in Resources */ = {isa = PBXBuildFile; fileRef = 24A1718314742C4B005028F4 /* InfoPlist.strings */; };
		24A1718714742C4B005028F4 /* main.m in Sources */ = {isa = PBXBuildFile; fileRef = 24A1718614742C4B005028F4 /* main.m */; };
		24A1718B14742C4B005028F4 /* FieldGoalChartingAppDelegate.m in Sources */ = {isa = PBXBuildFile; fileRef = 24A1718A14742C4B005028F4 /* FieldGoalChartingAppDelegate.m */; };
		24A1718E14742C4B005028F4 /* MainWindow.xib in Resources */ = {isa = PBXBuildFile; fileRef = 24A1718C14742C4B005028F4 /* MainWindow.xib */; };
		24A1719114742C4B005028F4 /* FieldGoalCharting.xcdatamodeld in Sources */ = {isa = PBXBuildFile; fileRef = 24A1718F14742C4B005028F4 /* FieldGoalCharting.xcdatamodeld */; };
		24A1719E14742EBA005028F4 /* HomeViewController.m in Sources */ = {isa = PBXBuildFile; fileRef = 24A1719C14742EBA005028F4 /* HomeViewController.m */; };
		24A1719F14742EBA005028F4 /* HomeViewController.xib in Resources */ = {isa = PBXBuildFile; fileRef = 24A1719D14742EBA005028F4 /* HomeViewController.xib */; };
		24A171A7147AC186005028F4 /* EnterDataChartViewController.m in Sources */ = {isa = PBXBuildFile; fileRef = 24A171A5147AC186005028F4 /* EnterDataChartViewController.m */; };
		24A171A8147AC186005028F4 /* EnterDataChartViewController.xib in Resources */ = {isa = PBXBuildFile; fileRef = 24A171A6147AC186005028F4 /* EnterDataChartViewController.xib */; };
/* End PBXBuildFile section */

/* Begin PBXFileReference section */
		24A1717414742C4A005028F4 /* FieldGoalCharting.app */ = {isa = PBXFileReference; explicitFileType = wrapper.application; includeInIndex = 0; path = FieldGoalCharting.app; sourceTree = BUILT_PRODUCTS_DIR; };
		24A1717814742C4A005028F4 /* UIKit.framework */ = {isa = PBXFileReference; lastKnownFileType = wrapper.framework; name = UIKit.framework; path = System/Library/Frameworks/UIKit.framework; sourceTree = SDKROOT; };
		24A1717A14742C4A005028F4 /* Foundation.framework */ = {isa = PBXFileReference; lastKnownFileType = wrapper.framework; name = Foundation.framework; path = System/Library/Frameworks/Foundation.framework; sourceTree = SDKROOT; };
		24A1717C14742C4A005028F4 /* CoreGraphics.framework */ = {isa = PBXFileReference; lastKnownFileType = wrapper.framework; name = CoreGraphics.framework; path = System/Library/Frameworks/CoreGraphics.framework; sourceTree = SDKROOT; };
		24A1717E14742C4A005028F4 /* CoreData.framework */ = {isa = PBXFileReference; lastKnownFileType = wrapper.framework; name = CoreData.framework; path = System/Library/Frameworks/CoreData.framework; sourceTree = SDKROOT; };
		24A1718214742C4A005028F4 /* FieldGoalCharting-Info.plist */ = {isa = PBXFileReference; lastKnownFileType = text.plist.xml; path = "FieldGoalCharting-Info.plist"; sourceTree = "<group>"; };
		24A1718414742C4B005028F4 /* en */ = {isa = PBXFileReference; lastKnownFileType = text.plist.strings; name = en; path = en.lproj/InfoPlist.strings; sourceTree = "<group>"; };
		24A1718614742C4B005028F4 /* main.m */ = {isa = PBXFileReference; lastKnownFileType = sourcecode.c.objc; path = main.m; sourceTree = "<group>"; };
		24A1718814742C4B005028F4 /* FieldGoalCharting-Prefix.pch */ = {isa = PBXFileReference; lastKnownFileType = sourcecode.c.h; path = "FieldGoalCharting-Prefix.pch"; sourceTree = "<group>"; };
		24A1718914742C4B005028F4 /* FieldGoalChartingAppDelegate.h */ = {isa = PBXFileReference; lastKnownFileType = sourcecode.c.h; path = FieldGoalChartingAppDelegate.h; sourceTree = "<group>"; };
		24A1718A14742C4B005028F4 /* FieldGoalChartingAppDelegate.m */ = {isa = PBXFileReference; lastKnownFileType = sourcecode.c.objc; path = FieldGoalChartingAppDelegate.m; sourceTree = "<group>"; };
		24A1718D14742C4B005028F4 /* en */ = {isa = PBXFileReference; lastKnownFileType = file.xib; name = en; path = en.lproj/MainWindow.xib; sourceTree = "<group>"; };
		24A1719014742C4B005028F4 /* FieldGoalCharting.xcdatamodel */ = {isa = PBXFileReference; lastKnownFileType = wrapper.xcdatamodel; path = FieldGoalCharting.xcdatamodel; sourceTree = "<group>"; };
		24A1719B14742EBA005028F4 /* HomeViewController.h */ = {isa = PBXFileReference; fileEncoding = 4; lastKnownFileType = sourcecode.c.h; path = HomeViewController.h; sourceTree = "<group>"; };
		24A1719C14742EBA005028F4 /* HomeViewController.m */ = {isa = PBXFileReference; fileEncoding = 4; lastKnownFileType = sourcecode.c.objc; path = HomeViewController.m; sourceTree = "<group>"; };
		24A1719D14742EBA005028F4 /* HomeViewController.xib */ = {isa = PBXFileReference; fileEncoding = 4; lastKnownFileType = file.xib; path = HomeViewController.xib; sourceTree = "<group>"; };
		24A171A4147AC186005028F4 /* EnterDataChartViewController.h */ = {isa = PBXFileReference; fileEncoding = 4; lastKnownFileType = sourcecode.c.h; path = EnterDataChartViewController.h; sourceTree = "<group>"; };
		24A171A5147AC186005028F4 /* EnterDataChartViewController.m */ = {isa = PBXFileReference; fileEncoding = 4; lastKnownFileType = sourcecode.c.objc; path = EnterDataChartViewController.m; sourceTree = "<group>"; };
		24A171A6147AC186005028F4 /* EnterDataChartViewController.xib */ = {isa = PBXFileReference; fileEncoding = 4; lastKnownFileType = file.xib; path = EnterDataChartViewController.xib; sourceTree = "<group>"; };
/* End PBXFileReference section */

/* Begin PBXFrameworksBuildPhase section */
		24A1717114742C4A005028F4 /* Frameworks */ = {
			isa = PBXFrameworksBuildPhase;
			buildActionMask = 2147483647;
			files = (
				24A1717914742C4A005028F4 /* UIKit.framework in Frameworks */,
				24A1717B14742C4A005028F4 /* Foundation.framework in Frameworks */,
				24A1717D14742C4A005028F4 /* CoreGraphics.framework in Frameworks */,
				24A1717F14742C4A005028F4 /* CoreData.framework in Frameworks */,
			);
			runOnlyForDeploymentPostprocessing = 0;
		};
/* End PBXFrameworksBuildPhase section */

/* Begin PBXGroup section */
		24A1716914742C49005028F4 = {
			isa = PBXGroup;
			children = (
				24A1718014742C4A005028F4 /* FieldGoalCharting */,
				24A1717714742C4A005028F4 /* Frameworks */,
				24A1717514742C4A005028F4 /* Products */,
			);
			sourceTree = "<group>";
		};
		24A1717514742C4A005028F4 /* Products */ = {
			isa = PBXGroup;
			children = (
				24A1717414742C4A005028F4 /* FieldGoalCharting.app */,
			);
			name = Products;
			sourceTree = "<group>";
		};
		24A1717714742C4A005028F4 /* Frameworks */ = {
			isa = PBXGroup;
			children = (
				24A1717814742C4A005028F4 /* UIKit.framework */,
				24A1717A14742C4A005028F4 /* Foundation.framework */,
				24A1717C14742C4A005028F4 /* CoreGraphics.framework */,
				24A1717E14742C4A005028F4 /* CoreData.framework */,
			);
			name = Frameworks;
			sourceTree = "<group>";
		};
		24A1718014742C4A005028F4 /* FieldGoalCharting */ = {
			isa = PBXGroup;
			children = (
				24A1718914742C4B005028F4 /* FieldGoalChartingAppDelegate.h */,
				24A1718A14742C4B005028F4 /* FieldGoalChartingAppDelegate.m */,
				24A1719B14742EBA005028F4 /* HomeViewController.h */,
				24A1719C14742EBA005028F4 /* HomeViewController.m */,
				24A171A4147AC186005028F4 /* EnterDataChartViewController.h */,
				24A171A5147AC186005028F4 /* EnterDataChartViewController.m */,
				24A171A6147AC186005028F4 /* EnterDataChartViewController.xib */,
				24A1719D14742EBA005028F4 /* HomeViewController.xib */,
				24A1718C14742C4B005028F4 /* MainWindow.xib */,
				24A1718F14742C4B005028F4 /* FieldGoalCharting.xcdatamodeld */,
				24A1718114742C4A005028F4 /* Supporting Files */,
			);
			path = FieldGoalCharting;
			sourceTree = "<group>";
		};
		24A1718114742C4A005028F4 /* Supporting Files */ = {
			isa = PBXGroup;
			children = (
				24A1718214742C4A005028F4 /* FieldGoalCharting-Info.plist */,
				24A1718314742C4B005028F4 /* InfoPlist.strings */,
				24A1718614742C4B005028F4 /* main.m */,
				24A1718814742C4B005028F4 /* FieldGoalCharting-Prefix.pch */,
			);
			name = "Supporting Files";
			sourceTree = "<group>";
		};
/* End PBXGroup section */

/* Begin PBXNativeTarget section */
		24A1717314742C4A005028F4 /* FieldGoalCharting */ = {
			isa = PBXNativeTarget;
			buildConfigurationList = 24A1719414742C4C005028F4 /* Build configuration list for PBXNativeTarget "FieldGoalCharting" */;
			buildPhases = (
				24A1717014742C4A005028F4 /* Sources */,
				24A1717114742C4A005028F4 /* Frameworks */,
				24A1717214742C4A005028F4 /* Resources */,
			);
			buildRules = (
			);
			dependencies = (
			);
			name = FieldGoalCharting;
			productName = FieldGoalCharting;
			productReference = 24A1717414742C4A005028F4 /* FieldGoalCharting.app */;
			productType = "com.apple.product-type.application";
		};
/* End PBXNativeTarget section */

/* Begin PBXProject section */
		24A1716B14742C49005028F4 /* Project object */ = {
			isa = PBXProject;
			buildConfigurationList = 24A1716E14742C49005028F4 /* Build configuration list for PBXProject "FieldGoalCharting" */;
			compatibilityVersion = "Xcode 3.2";
			developmentRegion = English;
			hasScannedForEncodings = 0;
			knownRegions = (
				en,
			);
			mainGroup = 24A1716914742C49005028F4;
			productRefGroup = 24A1717514742C4A005028F4 /* Products */;
			projectDirPath = "";
			projectRoot = "";
			targets = (
				24A1717314742C4A005028F4 /* FieldGoalCharting */,
			);
		};
/* End PBXProject section */

/* Begin PBXResourcesBuildPhase section */
		24A1717214742C4A005028F4 /* Resources */ = {
			isa = PBXResourcesBuildPhase;
			buildActionMask = 2147483647;
			files = (
				24A1718514742C4B005028F4 /* InfoPlist.strings in Resources */,
				24A1718E14742C4B005028F4 /* MainWindow.xib in Resources */,
				24A1719F14742EBA005028F4 /* HomeViewController.xib in Resources */,
				24A171A8147AC186005028F4 /* EnterDataChartViewController.xib in Resources */,
			);
			runOnlyForDeploymentPostprocessing = 0;
		};
/* End PBXResourcesBuildPhase section */

/* Begin PBXSourcesBuildPhase section */
		24A1717014742C4A005028F4 /* Sources */ = {
			isa = PBXSourcesBuildPhase;
			buildActionMask = 2147483647;
			files = (
				24A1718714742C4B005028F4 /* main.m in Sources */,
				24A1718B14742C4B005028F4 /* FieldGoalChartingAppDelegate.m in Sources */,
				24A1719114742C4B005028F4 /* FieldGoalCharting.xcdatamodeld in Sources */,
				24A1719E14742EBA005028F4 /* HomeViewController.m in Sources */,
				24A171A7147AC186005028F4 /* EnterDataChartViewController.m in Sources */,
			);
			runOnlyForDeploymentPostprocessing = 0;
		};
/* End PBXSourcesBuildPhase section */

/* Begin PBXVariantGroup section */
		24A1718314742C4B005028F4 /* InfoPlist.strings */ = {
			isa = PBXVariantGroup;
			children = (
				24A1718414742C4B005028F4 /* en */,
			);
			name = InfoPlist.strings;
			sourceTree = "<group>";
		};
		24A1718C14742C4B005028F4 /* MainWindow.xib */ = {
			isa = PBXVariantGroup;
			children = (
				24A1718D14742C4B005028F4 /* en */,
			);
			name = MainWindow.xib;
			sourceTree = "<group>";
		};
/* End PBXVariantGroup section */

/* Begin XCBuildConfiguration section */
		24A1719214742C4C005028F4 /* Debug */ = {
			isa = XCBuildConfiguration;
			buildSettings = {
				ALWAYS_SEARCH_USER_PATHS = NO;
				ARCHS = "$(ARCHS_STANDARD_32_BIT)";
				"CODE_SIGN_IDENTITY[sdk=iphoneos*]" = "iPhone Developer";
				COPY_PHASE_STRIP = NO;
				GCC_C_LANGUAGE_STANDARD = gnu99;
				GCC_DYNAMIC_NO_PIC = NO;
				GCC_OPTIMIZATION_LEVEL = 0;
				GCC_PREPROCESSOR_DEFINITIONS = (
					"DEBUG=1",
					"$(inherited)",
				);
				GCC_SYMBOLS_PRIVATE_EXTERN = NO;
				GCC_VERSION = com.apple.compilers.llvmgcc42;
				GCC_WARN_ABOUT_MISSING_PROTOTYPES = YES;
				GCC_WARN_ABOUT_RETURN_TYPE = YES;
				GCC_WARN_UNUSED_VARIABLE = YES;
				IPHONEOS_DEPLOYMENT_TARGET = 4.3;
				SDKROOT = iphoneos;
			};
			name = Debug;
		};
		24A1719314742C4C005028F4 /* Release */ = {
			isa = XCBuildConfiguration;
			buildSettings = {
				ALWAYS_SEARCH_USER_PATHS = NO;
				ARCHS = "$(ARCHS_STANDARD_32_BIT)";
				"CODE_SIGN_IDENTITY[sdk=iphoneos*]" = "iPhone Developer";
				COPY_PHASE_STRIP = YES;
				GCC_C_LANGUAGE_STANDARD = gnu99;
				GCC_VERSION = com.apple.compilers.llvmgcc42;
				GCC_WARN_ABOUT_MISSING_PROTOTYPES = YES;
				GCC_WARN_ABOUT_RETURN_TYPE = YES;
				GCC_WARN_UNUSED_VARIABLE = YES;
				IPHONEOS_DEPLOYMENT_TARGET = 4.3;
				OTHER_CFLAGS = "-DNS_BLOCK_ASSERTIONS=1";
				SDKROOT = iphoneos;
				VALIDATE_PRODUCT = YES;
			};
			name = Release;
		};
		24A1719514742C4C005028F4 /* Debug */ = {
			isa = XCBuildConfiguration;
			buildSettings = {
				GCC_PRECOMPILE_PREFIX_HEADER = YES;
				GCC_PREFIX_HEADER = "FieldGoalCharting/FieldGoalCharting-Prefix.pch";
				INFOPLIST_FILE = "FieldGoalCharting/FieldGoalCharting-Info.plist";
				PRODUCT_NAME = "$(TARGET_NAME)";
				WRAPPER_EXTENSION = app;
			};
			name = Debug;
		};
		24A1719614742C4C005028F4 /* Release */ = {
			isa = XCBuildConfiguration;
			buildSettings = {
				GCC_PRECOMPILE_PREFIX_HEADER = YES;
				GCC_PREFIX_HEADER = "FieldGoalCharting/FieldGoalCharting-Prefix.pch";
				INFOPLIST_FILE = "FieldGoalCharting/FieldGoalCharting-Info.plist";
				PRODUCT_NAME = "$(TARGET_NAME)";
				WRAPPER_EXTENSION = app;
			};
			name = Release;
		};
/* End XCBuildConfiguration section */

/* Begin XCConfigurationList section */
		24A1716E14742C49005028F4 /* Build configuration list for PBXProject "FieldGoalCharting" */ = {
			isa = XCConfigurationList;
			buildConfigurations = (
				24A1719214742C4C005028F4 /* Debug */,
				24A1719314742C4C005028F4 /* Release */,
			);
			defaultConfigurationIsVisible = 0;
			defaultConfigurationName = Release;
		};
		24A1719414742C4C005028F4 /* Build configuration list for PBXNativeTarget "FieldGoalCharting" */ = {
			isa = XCConfigurationList;
			buildConfigurations = (
				24A1719514742C4C005028F4 /* Debug */,
				24A1719614742C4C005028F4 /* Release */,
			);
			defaultConfigurationIsVisible = 0;
		};
/* End XCConfigurationList section */

/* Begin XCVersionGroup section */
		24A1718F14742C4B005028F4 /* FieldGoalCharting.xcdatamodeld */ = {
			isa = XCVersionGroup;
			children = (
				24A1719014742C4B005028F4 /* FieldGoalCharting.xcdatamodel */,
			);
			currentVersion = 24A1719014742C4B005028F4 /* FieldGoalCharting.xcdatamodel */;
			path = FieldGoalCharting.xcdatamodeld;
			sourceTree = "<group>";
			versionGroupType = wrapper.xcdatamodel;
		};
/* End XCVersionGroup section */
	};
	rootObject = 24A1716B14742C49005028F4 /* Project object */;
}
