// !$*UTF8*$!
{
	archiveVersion = 1;
	classes = {
	};
	objectVersion = 46;
	objects = {

/* Begin PBXBuildFile section */
		24300047147D8433007BD301 /* SegmentsController.m in Sources */ = {isa = PBXBuildFile; fileRef = 24300046147D8433007BD301 /* SegmentsController.m */; };
		2430004B147D8A01007BD301 /* NSArray+PerformSelector.m in Sources */ = {isa = PBXBuildFile; fileRef = 2430004A147D8A01007BD301 /* NSArray+PerformSelector.m */; };
		244BDE9F147AC90600EC880A /* EnterData18_25ChartViewController.m in Sources */ = {isa = PBXBuildFile; fileRef = 244BDE9D147AC90600EC880A /* EnterData18_25ChartViewController.m */; };
		244BDEA0147AC90600EC880A /* EnterData18_25ChartViewController.xib in Resources */ = {isa = PBXBuildFile; fileRef = 244BDE9E147AC90600EC880A /* EnterData18_25ChartViewController.xib */; };
		244BDEA5147AC92800EC880A /* EnterData26_35ViewController.m in Sources */ = {isa = PBXBuildFile; fileRef = 244BDEA3147AC92800EC880A /* EnterData26_35ViewController.m */; };
		244BDEA6147AC92800EC880A /* EnterData26_35ViewController.xib in Resources */ = {isa = PBXBuildFile; fileRef = 244BDEA4147AC92800EC880A /* EnterData26_35ViewController.xib */; };
		244BDEAA147AC95900EC880A /* EnterData36_45ViewController.m in Sources */ = {isa = PBXBuildFile; fileRef = 244BDEA8147AC95900EC880A /* EnterData36_45ViewController.m */; };
		244BDEAB147AC95900EC880A /* EnterData36_45ViewController.xib in Resources */ = {isa = PBXBuildFile; fileRef = 244BDEA9147AC95900EC880A /* EnterData36_45ViewController.xib */; };
		244BDEAF147AC98000EC880A /* EnterData46_55ViewController.m in Sources */ = {isa = PBXBuildFile; fileRef = 244BDEAD147AC98000EC880A /* EnterData46_55ViewController.m */; };
		244BDEB0147AC98000EC880A /* EnterData46_55ViewController.xib in Resources */ = {isa = PBXBuildFile; fileRef = 244BDEAE147AC98000EC880A /* EnterData46_55ViewController.xib */; };
		244BDEB4147AC99800EC880A /* EnterData56PlusViewController.m in Sources */ = {isa = PBXBuildFile; fileRef = 244BDEB2147AC99700EC880A /* EnterData56PlusViewController.m */; };
		244BDEB5147AC99800EC880A /* EnterData56PlusViewController.xib in Resources */ = {isa = PBXBuildFile; fileRef = 244BDEB3147AC99700EC880A /* EnterData56PlusViewController.xib */; };
		244BDEB7147D802E00EC880A /* chart1.png in Resources */ = {isa = PBXBuildFile; fileRef = 244BDEB6147D802E00EC880A /* chart1.png */; };
		24966D561486A51F007E2EF0 /* home_bkgrnd.png in Resources */ = {isa = PBXBuildFile; fileRef = 24966D551486A51F007E2EF0 /* home_bkgrnd.png */; };
		24966D581486A6FF007E2EF0 /* home_bck.png in Resources */ = {isa = PBXBuildFile; fileRef = 24966D571486A6FF007E2EF0 /* home_bck.png */; };
		24966D5B148FE154007E2EF0 /* add_button.png in Resources */ = {isa = PBXBuildFile; fileRef = 24966D59148FE154007E2EF0 /* add_button.png */; };
		24966D5C148FE154007E2EF0 /* subtract_button.png in Resources */ = {isa = PBXBuildFile; fileRef = 24966D5A148FE154007E2EF0 /* subtract_button.png */; };
		24A1717914742C4A005028F4 /* UIKit.framework in Frameworks */ = {isa = PBXBuildFile; fileRef = 24A1717814742C4A005028F4 /* UIKit.framework */; };
		24A1717B14742C4A005028F4 /* Foundation.framework in Frameworks */ = {isa = PBXBuildFile; fileRef = 24A1717A14742C4A005028F4 /* Foundation.framework */; };
		24A1717D14742C4A005028F4 /* CoreGraphics.framework in Frameworks */ = {isa = PBXBuildFile; fileRef = 24A1717C14742C4A005028F4 /* CoreGraphics.framework */; };
		24A1717F14742C4A005028F4 /* CoreData.framework in Frameworks */ = {isa = PBXBuildFile; fileRef = 24A1717E14742C4A005028F4 /* CoreData.framework */; };
		24A1718514742C4B005028F4 /* InfoPlist.strings in Resources */ = {isa = PBXBuildFile; fileRef = 24A1718314742C4B005028F4 /* InfoPlist.strings */; };
		24A1718714742C4B005028F4 /* main.m in Sources */ = {isa = PBXBuildFile; fileRef = 24A1718614742C4B005028F4 /* main.m */; };
		24A1718B14742C4B005028F4 /* FieldGoalChartingAppDelegate.m in Sources */ = {isa = PBXBuildFile; fileRef = 24A1718A14742C4B005028F4 /* FieldGoalChartingAppDelegate.m */; };
		24A1718E14742C4B005028F4 /* MainWindow.xib in Resources */ = {isa = PBXBuildFile; fileRef = 24A1718C14742C4B005028F4 /* MainWindow.xib */; };
		24A1719114742C4B005028F4 /* FieldGoalCharting.xcdatamodeld in Sources */ = {isa = PBXBuildFile; fileRef = 24A1718F14742C4B005028F4 /* FieldGoalCharting.xcdatamodeld */; };
		24A1719E14742EBA005028F4 /* HomeViewController.m in Sources */ = {isa = PBXBuildFile; fileRef = 24A1719C14742EBA005028F4 /* HomeViewController.m */; };
		24A1719F14742EBA005028F4 /* HomeViewController.xib in Resources */ = {isa = PBXBuildFile; fileRef = 24A1719D14742EBA005028F4 /* HomeViewController.xib */; };
		24A171A7147AC186005028F4 /* EnterDataChartViewController.m in Sources */ = {isa = PBXBuildFile; fileRef = 24A171A5147AC186005028F4 /* EnterDataChartViewController.m */; };
		24A171A8147AC186005028F4 /* EnterDataChartViewController.xib in Resources */ = {isa = PBXBuildFile; fileRef = 24A171A6147AC186005028F4 /* EnterDataChartViewController.xib */; };
		24CCC680147D8DA000882381 /* chart2.png in Resources */ = {isa = PBXBuildFile; fileRef = 24CCC67F147D8DA000882381 /* chart2.png */; };
		24CCC683147D973C00882381 /* up_button.png in Resources */ = {isa = PBXBuildFile; fileRef = 24CCC682147D973C00882381 /* up_button.png */; };
		24CCC685147D974900882381 /* down_button.png in Resources */ = {isa = PBXBuildFile; fileRef = 24CCC684147D974900882381 /* down_button.png */; };
		24D679161480312900B80FAF /* Chart.m in Sources */ = {isa = PBXBuildFile; fileRef = 24D679151480312900B80FAF /* Chart.m */; };
		24D6791B14803AB000B80FAF /* EnterDataNotesViewController.m in Sources */ = {isa = PBXBuildFile; fileRef = 24D6791914803AB000B80FAF /* EnterDataNotesViewController.m */; };
		24D6791C14803AB000B80FAF /* EnterDataNotesViewController.xib in Resources */ = {isa = PBXBuildFile; fileRef = 24D6791A14803AB000B80FAF /* EnterDataNotesViewController.xib */; };
		24DB8E0F14834FE100DD07AC /* ViewStatsViewController.m in Sources */ = {isa = PBXBuildFile; fileRef = 24DB8E0D14834FE000DD07AC /* ViewStatsViewController.m */; };
		24DB8E1014834FE100DD07AC /* ViewStatsViewController.xib in Resources */ = {isa = PBXBuildFile; fileRef = 24DB8E0E14834FE100DD07AC /* ViewStatsViewController.xib */; };
		24DB8E19148355AE00DD07AC /* chartViewStatsViewController.m in Sources */ = {isa = PBXBuildFile; fileRef = 24DB8E17148355AE00DD07AC /* chartViewStatsViewController.m */; };
		24DB8E1A148355AE00DD07AC /* chartViewStatsViewController.xib in Resources */ = {isa = PBXBuildFile; fileRef = 24DB8E18148355AE00DD07AC /* chartViewStatsViewController.xib */; };
		24DB8E1F148355D900DD07AC /* fieldViewStatsViewController.m in Sources */ = {isa = PBXBuildFile; fileRef = 24DB8E1D148355D800DD07AC /* fieldViewStatsViewController.m */; };
		24DB8E20148355D900DD07AC /* fieldViewStatsViewController.xib in Resources */ = {isa = PBXBuildFile; fileRef = 24DB8E1E148355D800DD07AC /* fieldViewStatsViewController.xib */; };
		24DB8E241483560000DD07AC /* notesViewStatsViewController.m in Sources */ = {isa = PBXBuildFile; fileRef = 24DB8E221483560000DD07AC /* notesViewStatsViewController.m */; };
		24DB8E251483560000DD07AC /* notesViewStatsViewController.xib in Resources */ = {isa = PBXBuildFile; fileRef = 24DB8E231483560000DD07AC /* notesViewStatsViewController.xib */; };
		24DB8E351483717A00DD07AC /* ViewStatsTableViewController.m in Sources */ = {isa = PBXBuildFile; fileRef = 24DB8E331483717900DD07AC /* ViewStatsTableViewController.m */; };
		24DB8E361483717A00DD07AC /* ViewStatsTableViewController.xib in Resources */ = {isa = PBXBuildFile; fileRef = 24DB8E341483717900DD07AC /* ViewStatsTableViewController.xib */; };
		24DB8E391484B57600DD07AC /* chart56+.png in Resources */ = {isa = PBXBuildFile; fileRef = 24DB8E371484B57600DD07AC /* chart56+.png */; };
		24DB8E3A1484B57600DD07AC /* chart.png in Resources */ = {isa = PBXBuildFile; fileRef = 24DB8E381484B57600DD07AC /* chart.png */; };
		24DB8E3D1484BC6B00DD07AC /* fieldview.png in Resources */ = {isa = PBXBuildFile; fileRef = 24DB8E3B1484BC6B00DD07AC /* fieldview.png */; };
		24DB8E3E1484BC6B00DD07AC /* chart_viewstats.png in Resources */ = {isa = PBXBuildFile; fileRef = 24DB8E3C1484BC6B00DD07AC /* chart_viewstats.png */; };
/* End PBXBuildFile section */

/* Begin PBXFileReference section */
		24300045147D8433007BD301 /* SegmentsController.h */ = {isa = PBXFileReference; fileEncoding = 4; lastKnownFileType = sourcecode.c.h; path = SegmentsController.h; sourceTree = "<group>"; };
		24300046147D8433007BD301 /* SegmentsController.m */ = {isa = PBXFileReference; fileEncoding = 4; lastKnownFileType = sourcecode.c.objc; path = SegmentsController.m; sourceTree = "<group>"; };
		24300049147D8A01007BD301 /* NSArray+PerformSelector.h */ = {isa = PBXFileReference; fileEncoding = 4; lastKnownFileType = sourcecode.c.h; path = "NSArray+PerformSelector.h"; sourceTree = "<group>"; };
		2430004A147D8A01007BD301 /* NSArray+PerformSelector.m */ = {isa = PBXFileReference; fileEncoding = 4; lastKnownFileType = sourcecode.c.objc; path = "NSArray+PerformSelector.m"; sourceTree = "<group>"; };
		244BDE9C147AC90600EC880A /* EnterData18_25ChartViewController.h */ = {isa = PBXFileReference; fileEncoding = 4; lastKnownFileType = sourcecode.c.h; path = EnterData18_25ChartViewController.h; sourceTree = "<group>"; };
		244BDE9D147AC90600EC880A /* EnterData18_25ChartViewController.m */ = {isa = PBXFileReference; fileEncoding = 4; lastKnownFileType = sourcecode.c.objc; path = EnterData18_25ChartViewController.m; sourceTree = "<group>"; };
		244BDE9E147AC90600EC880A /* EnterData18_25ChartViewController.xib */ = {isa = PBXFileReference; fileEncoding = 4; lastKnownFileType = file.xib; path = EnterData18_25ChartViewController.xib; sourceTree = "<group>"; };
		244BDEA2147AC92800EC880A /* EnterData26_35ViewController.h */ = {isa = PBXFileReference; fileEncoding = 4; lastKnownFileType = sourcecode.c.h; path = EnterData26_35ViewController.h; sourceTree = "<group>"; };
		244BDEA3147AC92800EC880A /* EnterData26_35ViewController.m */ = {isa = PBXFileReference; fileEncoding = 4; lastKnownFileType = sourcecode.c.objc; path = EnterData26_35ViewController.m; sourceTree = "<group>"; };
		244BDEA4147AC92800EC880A /* EnterData26_35ViewController.xib */ = {isa = PBXFileReference; fileEncoding = 4; lastKnownFileType = file.xib; path = EnterData26_35ViewController.xib; sourceTree = "<group>"; };
		244BDEA7147AC95900EC880A /* EnterData36_45ViewController.h */ = {isa = PBXFileReference; fileEncoding = 4; lastKnownFileType = sourcecode.c.h; path = EnterData36_45ViewController.h; sourceTree = "<group>"; };
		244BDEA8147AC95900EC880A /* EnterData36_45ViewController.m */ = {isa = PBXFileReference; fileEncoding = 4; lastKnownFileType = sourcecode.c.objc; path = EnterData36_45ViewController.m; sourceTree = "<group>"; };
		244BDEA9147AC95900EC880A /* EnterData36_45ViewController.xib */ = {isa = PBXFileReference; fileEncoding = 4; lastKnownFileType = file.xib; path = EnterData36_45ViewController.xib; sourceTree = "<group>"; };
		244BDEAC147AC98000EC880A /* EnterData46_55ViewController.h */ = {isa = PBXFileReference; fileEncoding = 4; lastKnownFileType = sourcecode.c.h; path = EnterData46_55ViewController.h; sourceTree = "<group>"; };
		244BDEAD147AC98000EC880A /* EnterData46_55ViewController.m */ = {isa = PBXFileReference; fileEncoding = 4; lastKnownFileType = sourcecode.c.objc; path = EnterData46_55ViewController.m; sourceTree = "<group>"; };
		244BDEAE147AC98000EC880A /* EnterData46_55ViewController.xib */ = {isa = PBXFileReference; fileEncoding = 4; lastKnownFileType = file.xib; path = EnterData46_55ViewController.xib; sourceTree = "<group>"; };
		244BDEB1147AC99700EC880A /* EnterData56PlusViewController.h */ = {isa = PBXFileReference; fileEncoding = 4; lastKnownFileType = sourcecode.c.h; path = EnterData56PlusViewController.h; sourceTree = "<group>"; };
		244BDEB2147AC99700EC880A /* EnterData56PlusViewController.m */ = {isa = PBXFileReference; fileEncoding = 4; lastKnownFileType = sourcecode.c.objc; path = EnterData56PlusViewController.m; sourceTree = "<group>"; };
		244BDEB3147AC99700EC880A /* EnterData56PlusViewController.xib */ = {isa = PBXFileReference; fileEncoding = 4; lastKnownFileType = file.xib; path = EnterData56PlusViewController.xib; sourceTree = "<group>"; };
		244BDEB6147D802E00EC880A /* chart1.png */ = {isa = PBXFileReference; lastKnownFileType = image.png; path = chart1.png; sourceTree = "<group>"; };
		24966D551486A51F007E2EF0 /* home_bkgrnd.png */ = {isa = PBXFileReference; lastKnownFileType = image.png; path = home_bkgrnd.png; sourceTree = "<group>"; };
		24966D571486A6FF007E2EF0 /* home_bck.png */ = {isa = PBXFileReference; lastKnownFileType = image.png; path = home_bck.png; sourceTree = "<group>"; };
		24966D59148FE154007E2EF0 /* add_button.png */ = {isa = PBXFileReference; lastKnownFileType = image.png; path = add_button.png; sourceTree = "<group>"; };
		24966D5A148FE154007E2EF0 /* subtract_button.png */ = {isa = PBXFileReference; lastKnownFileType = image.png; path = subtract_button.png; sourceTree = "<group>"; };
		24A1717414742C4A005028F4 /* FieldGoalCharting.app */ = {isa = PBXFileReference; explicitFileType = wrapper.application; includeInIndex = 0; path = FieldGoalCharting.app; sourceTree = BUILT_PRODUCTS_DIR; };
		24A1717814742C4A005028F4 /* UIKit.framework */ = {isa = PBXFileReference; lastKnownFileType = wrapper.framework; name = UIKit.framework; path = System/Library/Frameworks/UIKit.framework; sourceTree = SDKROOT; };
		24A1717A14742C4A005028F4 /* Foundation.framework */ = {isa = PBXFileReference; lastKnownFileType = wrapper.framework; name = Foundation.framework; path = System/Library/Frameworks/Foundation.framework; sourceTree = SDKROOT; };
		24A1717C14742C4A005028F4 /* CoreGraphics.framework */ = {isa = PBXFileReference; lastKnownFileType = wrapper.framework; name = CoreGraphics.framework; path = System/Library/Frameworks/CoreGraphics.framework; sourceTree = SDKROOT; };
		24A1717E14742C4A005028F4 /* CoreData.framework */ = {isa = PBXFileReference; lastKnownFileType = wrapper.framework; name = CoreData.framework; path = System/Library/Frameworks/CoreData.framework; sourceTree = SDKROOT; };
		24A1718214742C4A005028F4 /* FieldGoalCharting-Info.plist */ = {isa = PBXFileReference; lastKnownFileType = text.plist.xml; path = "FieldGoalCharting-Info.plist"; sourceTree = "<group>"; };
		24A1718414742C4B005028F4 /* en */ = {isa = PBXFileReference; lastKnownFileType = text.plist.strings; name = en; path = en.lproj/InfoPlist.strings; sourceTree = "<group>"; };
		24A1718614742C4B005028F4 /* main.m */ = {isa = PBXFileReference; lastKnownFileType = sourcecode.c.objc; path = main.m; sourceTree = "<group>"; };
		24A1718814742C4B005028F4 /* FieldGoalCharting-Prefix.pch */ = {isa = PBXFileReference; lastKnownFileType = sourcecode.c.h; path = "FieldGoalCharting-Prefix.pch"; sourceTree = "<group>"; };
		24A1718914742C4B005028F4 /* FieldGoalChartingAppDelegate.h */ = {isa = PBXFileReference; lastKnownFileType = sourcecode.c.h; path = FieldGoalChartingAppDelegate.h; sourceTree = "<group>"; };
		24A1718A14742C4B005028F4 /* FieldGoalChartingAppDelegate.m */ = {isa = PBXFileReference; lastKnownFileType = sourcecode.c.objc; path = FieldGoalChartingAppDelegate.m; sourceTree = "<group>"; };
		24A1718D14742C4B005028F4 /* en */ = {isa = PBXFileReference; lastKnownFileType = file.xib; name = en; path = en.lproj/MainWindow.xib; sourceTree = "<group>"; };
		24A1719014742C4B005028F4 /* FieldGoalCharting.xcdatamodel */ = {isa = PBXFileReference; lastKnownFileType = wrapper.xcdatamodel; path = FieldGoalCharting.xcdatamodel; sourceTree = "<group>"; };
		24A1719B14742EBA005028F4 /* HomeViewController.h */ = {isa = PBXFileReference; fileEncoding = 4; lastKnownFileType = sourcecode.c.h; path = HomeViewController.h; sourceTree = "<group>"; };
		24A1719C14742EBA005028F4 /* HomeViewController.m */ = {isa = PBXFileReference; fileEncoding = 4; lastKnownFileType = sourcecode.c.objc; path = HomeViewController.m; sourceTree = "<group>"; };
		24A1719D14742EBA005028F4 /* HomeViewController.xib */ = {isa = PBXFileReference; fileEncoding = 4; lastKnownFileType = file.xib; path = HomeViewController.xib; sourceTree = "<group>"; };
		24A171A4147AC186005028F4 /* EnterDataChartViewController.h */ = {isa = PBXFileReference; fileEncoding = 4; lastKnownFileType = sourcecode.c.h; path = EnterDataChartViewController.h; sourceTree = "<group>"; };
		24A171A5147AC186005028F4 /* EnterDataChartViewController.m */ = {isa = PBXFileReference; fileEncoding = 4; lastKnownFileType = sourcecode.c.objc; path = EnterDataChartViewController.m; sourceTree = "<group>"; };
		24A171A6147AC186005028F4 /* EnterDataChartViewController.xib */ = {isa = PBXFileReference; fileEncoding = 4; lastKnownFileType = file.xib; path = EnterDataChartViewController.xib; sourceTree = "<group>"; };
		24CCC67F147D8DA000882381 /* chart2.png */ = {isa = PBXFileReference; lastKnownFileType = image.png; path = chart2.png; sourceTree = "<group>"; };
		24CCC682147D973C00882381 /* up_button.png */ = {isa = PBXFileReference; lastKnownFileType = image.png; path = up_button.png; sourceTree = "<group>"; };
		24CCC684147D974900882381 /* down_button.png */ = {isa = PBXFileReference; lastKnownFileType = image.png; path = down_button.png; sourceTree = "<group>"; };
		24D679141480312900B80FAF /* Chart.h */ = {isa = PBXFileReference; fileEncoding = 4; lastKnownFileType = sourcecode.c.h; path = Chart.h; sourceTree = "<group>"; };
		24D679151480312900B80FAF /* Chart.m */ = {isa = PBXFileReference; fileEncoding = 4; lastKnownFileType = sourcecode.c.objc; path = Chart.m; sourceTree = "<group>"; };
		24D6791814803AB000B80FAF /* EnterDataNotesViewController.h */ = {isa = PBXFileReference; fileEncoding = 4; lastKnownFileType = sourcecode.c.h; path = EnterDataNotesViewController.h; sourceTree = "<group>"; };
		24D6791914803AB000B80FAF /* EnterDataNotesViewController.m */ = {isa = PBXFileReference; fileEncoding = 4; lastKnownFileType = sourcecode.c.objc; path = EnterDataNotesViewController.m; sourceTree = "<group>"; };
		24D6791A14803AB000B80FAF /* EnterDataNotesViewController.xib */ = {isa = PBXFileReference; fileEncoding = 4; lastKnownFileType = file.xib; path = EnterDataNotesViewController.xib; sourceTree = "<group>"; };
		24DB8E0C14834FE000DD07AC /* ViewStatsViewController.h */ = {isa = PBXFileReference; fileEncoding = 4; lastKnownFileType = sourcecode.c.h; path = ViewStatsViewController.h; sourceTree = "<group>"; };
		24DB8E0D14834FE000DD07AC /* ViewStatsViewController.m */ = {isa = PBXFileReference; fileEncoding = 4; lastKnownFileType = sourcecode.c.objc; path = ViewStatsViewController.m; sourceTree = "<group>"; };
		24DB8E0E14834FE100DD07AC /* ViewStatsViewController.xib */ = {isa = PBXFileReference; fileEncoding = 4; lastKnownFileType = file.xib; path = ViewStatsViewController.xib; sourceTree = "<group>"; };
		24DB8E16148355AE00DD07AC /* chartViewStatsViewController.h */ = {isa = PBXFileReference; fileEncoding = 4; lastKnownFileType = sourcecode.c.h; path = chartViewStatsViewController.h; sourceTree = "<group>"; };
		24DB8E17148355AE00DD07AC /* chartViewStatsViewController.m */ = {isa = PBXFileReference; fileEncoding = 4; lastKnownFileType = sourcecode.c.objc; path = chartViewStatsViewController.m; sourceTree = "<group>"; };
		24DB8E18148355AE00DD07AC /* chartViewStatsViewController.xib */ = {isa = PBXFileReference; fileEncoding = 4; lastKnownFileType = file.xib; path = chartViewStatsViewController.xib; sourceTree = "<group>"; };
		24DB8E1C148355D800DD07AC /* fieldViewStatsViewController.h */ = {isa = PBXFileReference; fileEncoding = 4; lastKnownFileType = sourcecode.c.h; path = fieldViewStatsViewController.h; sourceTree = "<group>"; };
		24DB8E1D148355D800DD07AC /* fieldViewStatsViewController.m */ = {isa = PBXFileReference; fileEncoding = 4; lastKnownFileType = sourcecode.c.objc; path = fieldViewStatsViewController.m; sourceTree = "<group>"; };
		24DB8E1E148355D800DD07AC /* fieldViewStatsViewController.xib */ = {isa = PBXFileReference; fileEncoding = 4; lastKnownFileType = file.xib; path = fieldViewStatsViewController.xib; sourceTree = "<group>"; };
		24DB8E211483560000DD07AC /* notesViewStatsViewController.h */ = {isa = PBXFileReference; fileEncoding = 4; lastKnownFileType = sourcecode.c.h; path = notesViewStatsViewController.h; sourceTree = "<group>"; };
		24DB8E221483560000DD07AC /* notesViewStatsViewController.m */ = {isa = PBXFileReference; fileEncoding = 4; lastKnownFileType = sourcecode.c.objc; path = notesViewStatsViewController.m; sourceTree = "<group>"; };
		24DB8E231483560000DD07AC /* notesViewStatsViewController.xib */ = {isa = PBXFileReference; fileEncoding = 4; lastKnownFileType = file.xib; path = notesViewStatsViewController.xib; sourceTree = "<group>"; };
		24DB8E321483717800DD07AC /* ViewStatsTableViewController.h */ = {isa = PBXFileReference; fileEncoding = 4; lastKnownFileType = sourcecode.c.h; path = ViewStatsTableViewController.h; sourceTree = "<group>"; };
		24DB8E331483717900DD07AC /* ViewStatsTableViewController.m */ = {isa = PBXFileReference; fileEncoding = 4; lastKnownFileType = sourcecode.c.objc; path = ViewStatsTableViewController.m; sourceTree = "<group>"; };
		24DB8E341483717900DD07AC /* ViewStatsTableViewController.xib */ = {isa = PBXFileReference; fileEncoding = 4; lastKnownFileType = file.xib; path = ViewStatsTableViewController.xib; sourceTree = "<group>"; };
		24DB8E371484B57600DD07AC /* chart56+.png */ = {isa = PBXFileReference; lastKnownFileType = image.png; path = "chart56+.png"; sourceTree = "<group>"; };
		24DB8E381484B57600DD07AC /* chart.png */ = {isa = PBXFileReference; lastKnownFileType = image.png; path = chart.png; sourceTree = "<group>"; };
		24DB8E3B1484BC6B00DD07AC /* fieldview.png */ = {isa = PBXFileReference; lastKnownFileType = image.png; path = fieldview.png; sourceTree = "<group>"; };
		24DB8E3C1484BC6B00DD07AC /* chart_viewstats.png */ = {isa = PBXFileReference; lastKnownFileType = image.png; path = chart_viewstats.png; sourceTree = "<group>"; };
/* End PBXFileReference section */

/* Begin PBXFrameworksBuildPhase section */
		24A1717114742C4A005028F4 /* Frameworks */ = {
			isa = PBXFrameworksBuildPhase;
			buildActionMask = 2147483647;
			files = (
				24A1717914742C4A005028F4 /* UIKit.framework in Frameworks */,
				24A1717B14742C4A005028F4 /* Foundation.framework in Frameworks */,
				24A1717D14742C4A005028F4 /* CoreGraphics.framework in Frameworks */,
				24A1717F14742C4A005028F4 /* CoreData.framework in Frameworks */,
			);
			runOnlyForDeploymentPostprocessing = 0;
		};
/* End PBXFrameworksBuildPhase section */

/* Begin PBXGroup section */
		24A1716914742C49005028F4 = {
			isa = PBXGroup;
			children = (
				24A1718014742C4A005028F4 /* FieldGoalCharting */,
				24A1717714742C4A005028F4 /* Frameworks */,
				24A1717514742C4A005028F4 /* Products */,
			);
			sourceTree = "<group>";
		};
		24A1717514742C4A005028F4 /* Products */ = {
			isa = PBXGroup;
			children = (
				24A1717414742C4A005028F4 /* FieldGoalCharting.app */,
			);
			name = Products;
			sourceTree = "<group>";
		};
		24A1717714742C4A005028F4 /* Frameworks */ = {
			isa = PBXGroup;
			children = (
				24A1717814742C4A005028F4 /* UIKit.framework */,
				24A1717A14742C4A005028F4 /* Foundation.framework */,
				24A1717C14742C4A005028F4 /* CoreGraphics.framework */,
				24A1717E14742C4A005028F4 /* CoreData.framework */,
			);
			name = Frameworks;
			sourceTree = "<group>";
		};
		24A1718014742C4A005028F4 /* FieldGoalCharting */ = {
			isa = PBXGroup;
			children = (
				24D679141480312900B80FAF /* Chart.h */,
				24D679151480312900B80FAF /* Chart.m */,
				24A1718914742C4B005028F4 /* FieldGoalChartingAppDelegate.h */,
				24A1718A14742C4B005028F4 /* FieldGoalChartingAppDelegate.m */,
				24A1719B14742EBA005028F4 /* HomeViewController.h */,
				24A1719C14742EBA005028F4 /* HomeViewController.m */,
				24300049147D8A01007BD301 /* NSArray+PerformSelector.h */,
				2430004A147D8A01007BD301 /* NSArray+PerformSelector.m */,
				24300045147D8433007BD301 /* SegmentsController.h */,
				24300046147D8433007BD301 /* SegmentsController.m */,
				24A1718C14742C4B005028F4 /* MainWindow.xib */,
				24A1719D14742EBA005028F4 /* HomeViewController.xib */,
				24A1718F14742C4B005028F4 /* FieldGoalCharting.xcdatamodeld */,
				24DB8E1114834FF400DD07AC /* View Stats */,
				24DB8E0A14834DA000DD07AC /* Enter Stats */,
				24A1718114742C4A005028F4 /* Supporting Files */,
			);
			path = FieldGoalCharting;
			sourceTree = "<group>";
		};
		24A1718114742C4A005028F4 /* Supporting Files */ = {
			isa = PBXGroup;
			children = (
				24966D59148FE154007E2EF0 /* add_button.png */,
				24966D5A148FE154007E2EF0 /* subtract_button.png */,
				24966D571486A6FF007E2EF0 /* home_bck.png */,
				24966D551486A51F007E2EF0 /* home_bkgrnd.png */,
				24DB8E3B1484BC6B00DD07AC /* fieldview.png */,
				24DB8E3C1484BC6B00DD07AC /* chart_viewstats.png */,
				24DB8E371484B57600DD07AC /* chart56+.png */,
				24DB8E381484B57600DD07AC /* chart.png */,
				24CCC684147D974900882381 /* down_button.png */,
				24CCC682147D973C00882381 /* up_button.png */,
				244BDEB6147D802E00EC880A /* chart1.png */,
				24CCC67F147D8DA000882381 /* chart2.png */,
				24A1718214742C4A005028F4 /* FieldGoalCharting-Info.plist */,
				24A1718314742C4B005028F4 /* InfoPlist.strings */,
				24A1718614742C4B005028F4 /* main.m */,
				24A1718814742C4B005028F4 /* FieldGoalCharting-Prefix.pch */,
			);
			name = "Supporting Files";
			sourceTree = "<group>";
		};
		24DB8E0A14834DA000DD07AC /* Enter Stats */ = {
			isa = PBXGroup;
			children = (
				24A171A4147AC186005028F4 /* EnterDataChartViewController.h */,
				24A171A5147AC186005028F4 /* EnterDataChartViewController.m */,
				244BDE9C147AC90600EC880A /* EnterData18_25ChartViewController.h */,
				244BDE9D147AC90600EC880A /* EnterData18_25ChartViewController.m */,
				244BDEA2147AC92800EC880A /* EnterData26_35ViewController.h */,
				244BDEA3147AC92800EC880A /* EnterData26_35ViewController.m */,
				244BDEA7147AC95900EC880A /* EnterData36_45ViewController.h */,
				244BDEA8147AC95900EC880A /* EnterData36_45ViewController.m */,
				244BDEAC147AC98000EC880A /* EnterData46_55ViewController.h */,
				244BDEAD147AC98000EC880A /* EnterData46_55ViewController.m */,
				244BDEB1147AC99700EC880A /* EnterData56PlusViewController.h */,
				244BDEB2147AC99700EC880A /* EnterData56PlusViewController.m */,
				24D6791814803AB000B80FAF /* EnterDataNotesViewController.h */,
				24D6791914803AB000B80FAF /* EnterDataNotesViewController.m */,
				24A171A6147AC186005028F4 /* EnterDataChartViewController.xib */,
				244BDE9E147AC90600EC880A /* EnterData18_25ChartViewController.xib */,
				244BDEA4147AC92800EC880A /* EnterData26_35ViewController.xib */,
				244BDEA9147AC95900EC880A /* EnterData36_45ViewController.xib */,
				244BDEAE147AC98000EC880A /* EnterData46_55ViewController.xib */,
				244BDEB3147AC99700EC880A /* EnterData56PlusViewController.xib */,
				24D6791A14803AB000B80FAF /* EnterDataNotesViewController.xib */,
			);
			name = "Enter Stats";
			sourceTree = "<group>";
		};
		24DB8E1114834FF400DD07AC /* View Stats */ = {
			isa = PBXGroup;
			children = (
				24DB8E0C14834FE000DD07AC /* ViewStatsViewController.h */,
				24DB8E0D14834FE000DD07AC /* ViewStatsViewController.m */,
				24DB8E16148355AE00DD07AC /* chartViewStatsViewController.h */,
				24DB8E17148355AE00DD07AC /* chartViewStatsViewController.m */,
				24DB8E1C148355D800DD07AC /* fieldViewStatsViewController.h */,
				24DB8E1D148355D800DD07AC /* fieldViewStatsViewController.m */,
				24DB8E211483560000DD07AC /* notesViewStatsViewController.h */,
				24DB8E221483560000DD07AC /* notesViewStatsViewController.m */,
				24DB8E321483717800DD07AC /* ViewStatsTableViewController.h */,
				24DB8E331483717900DD07AC /* ViewStatsTableViewController.m */,
				24DB8E341483717900DD07AC /* ViewStatsTableViewController.xib */,
				24DB8E0E14834FE100DD07AC /* ViewStatsViewController.xib */,
				24DB8E18148355AE00DD07AC /* chartViewStatsViewController.xib */,
				24DB8E1E148355D800DD07AC /* fieldViewStatsViewController.xib */,
				24DB8E231483560000DD07AC /* notesViewStatsViewController.xib */,
			);
			name = "View Stats";
			sourceTree = "<group>";
		};
/* End PBXGroup section */

/* Begin PBXNativeTarget section */
		24A1717314742C4A005028F4 /* FieldGoalCharting */ = {
			isa = PBXNativeTarget;
			buildConfigurationList = 24A1719414742C4C005028F4 /* Build configuration list for PBXNativeTarget "FieldGoalCharting" */;
			buildPhases = (
				24A1717014742C4A005028F4 /* Sources */,
				24A1717114742C4A005028F4 /* Frameworks */,
				24A1717214742C4A005028F4 /* Resources */,
			);
			buildRules = (
			);
			dependencies = (
			);
			name = FieldGoalCharting;
			productName = FieldGoalCharting;
			productReference = 24A1717414742C4A005028F4 /* FieldGoalCharting.app */;
			productType = "com.apple.product-type.application";
		};
/* End PBXNativeTarget section */

/* Begin PBXProject section */
		24A1716B14742C49005028F4 /* Project object */ = {
			isa = PBXProject;
			buildConfigurationList = 24A1716E14742C49005028F4 /* Build configuration list for PBXProject "FieldGoalCharting" */;
			compatibilityVersion = "Xcode 3.2";
			developmentRegion = English;
			hasScannedForEncodings = 0;
			knownRegions = (
				en,
			);
			mainGroup = 24A1716914742C49005028F4;
			productRefGroup = 24A1717514742C4A005028F4 /* Products */;
			projectDirPath = "";
			projectRoot = "";
			targets = (
				24A1717314742C4A005028F4 /* FieldGoalCharting */,
			);
		};
/* End PBXProject section */

/* Begin PBXResourcesBuildPhase section */
		24A1717214742C4A005028F4 /* Resources */ = {
			isa = PBXResourcesBuildPhase;
			buildActionMask = 2147483647;
			files = (
				24A1718514742C4B005028F4 /* InfoPlist.strings in Resources */,
				24A1718E14742C4B005028F4 /* MainWindow.xib in Resources */,
				24A1719F14742EBA005028F4 /* HomeViewController.xib in Resources */,
				24A171A8147AC186005028F4 /* EnterDataChartViewController.xib in Resources */,
				244BDEA0147AC90600EC880A /* EnterData18_25ChartViewController.xib in Resources */,
				244BDEA6147AC92800EC880A /* EnterData26_35ViewController.xib in Resources */,
				244BDEAB147AC95900EC880A /* EnterData36_45ViewController.xib in Resources */,
				244BDEB0147AC98000EC880A /* EnterData46_55ViewController.xib in Resources */,
				244BDEB5147AC99800EC880A /* EnterData56PlusViewController.xib in Resources */,
				244BDEB7147D802E00EC880A /* chart1.png in Resources */,
				24CCC680147D8DA000882381 /* chart2.png in Resources */,
				24CCC683147D973C00882381 /* up_button.png in Resources */,
				24CCC685147D974900882381 /* down_button.png in Resources */,
				24D6791C14803AB000B80FAF /* EnterDataNotesViewController.xib in Resources */,
				24DB8E1014834FE100DD07AC /* ViewStatsViewController.xib in Resources */,
				24DB8E1A148355AE00DD07AC /* chartViewStatsViewController.xib in Resources */,
				24DB8E20148355D900DD07AC /* fieldViewStatsViewController.xib in Resources */,
				24DB8E251483560000DD07AC /* notesViewStatsViewController.xib in Resources */,
				24DB8E361483717A00DD07AC /* ViewStatsTableViewController.xib in Resources */,
				24DB8E391484B57600DD07AC /* chart56+.png in Resources */,
				24DB8E3A1484B57600DD07AC /* chart.png in Resources */,
				24DB8E3D1484BC6B00DD07AC /* fieldview.png in Resources */,
				24DB8E3E1484BC6B00DD07AC /* chart_viewstats.png in Resources */,
				24966D561486A51F007E2EF0 /* home_bkgrnd.png in Resources */,
				24966D581486A6FF007E2EF0 /* home_bck.png in Resources */,
				24966D5B148FE154007E2EF0 /* add_button.png in Resources */,
				24966D5C148FE154007E2EF0 /* subtract_button.png in Resources */,
			);
			runOnlyForDeploymentPostprocessing = 0;
		};
/* End PBXResourcesBuildPhase section */

/* Begin PBXSourcesBuildPhase section */
		24A1717014742C4A005028F4 /* Sources */ = {
			isa = PBXSourcesBuildPhase;
			buildActionMask = 2147483647;
			files = (
				24A1718714742C4B005028F4 /* main.m in Sources */,
				24A1718B14742C4B005028F4 /* FieldGoalChartingAppDelegate.m in Sources */,
				24A1719114742C4B005028F4 /* FieldGoalCharting.xcdatamodeld in Sources */,
				24A1719E14742EBA005028F4 /* HomeViewController.m in Sources */,
				24A171A7147AC186005028F4 /* EnterDataChartViewController.m in Sources */,
				244BDE9F147AC90600EC880A /* EnterData18_25ChartViewController.m in Sources */,
				244BDEA5147AC92800EC880A /* EnterData26_35ViewController.m in Sources */,
				244BDEAA147AC95900EC880A /* EnterData36_45ViewController.m in Sources */,
				244BDEAF147AC98000EC880A /* EnterData46_55ViewController.m in Sources */,
				244BDEB4147AC99800EC880A /* EnterData56PlusViewController.m in Sources */,
				24300047147D8433007BD301 /* SegmentsController.m in Sources */,
				2430004B147D8A01007BD301 /* NSArray+PerformSelector.m in Sources */,
				24D679161480312900B80FAF /* Chart.m in Sources */,
				24D6791B14803AB000B80FAF /* EnterDataNotesViewController.m in Sources */,
				24DB8E0F14834FE100DD07AC /* ViewStatsViewController.m in Sources */,
				24DB8E19148355AE00DD07AC /* chartViewStatsViewController.m in Sources */,
				24DB8E1F148355D900DD07AC /* fieldViewStatsViewController.m in Sources */,
				24DB8E241483560000DD07AC /* notesViewStatsViewController.m in Sources */,
				24DB8E351483717A00DD07AC /* ViewStatsTableViewController.m in Sources */,
			);
			runOnlyForDeploymentPostprocessing = 0;
		};
/* End PBXSourcesBuildPhase section */

/* Begin PBXVariantGroup section */
		24A1718314742C4B005028F4 /* InfoPlist.strings */ = {
			isa = PBXVariantGroup;
			children = (
				24A1718414742C4B005028F4 /* en */,
			);
			name = InfoPlist.strings;
			sourceTree = "<group>";
		};
		24A1718C14742C4B005028F4 /* MainWindow.xib */ = {
			isa = PBXVariantGroup;
			children = (
				24A1718D14742C4B005028F4 /* en */,
			);
			name = MainWindow.xib;
			sourceTree = "<group>";
		};
/* End PBXVariantGroup section */

/* Begin XCBuildConfiguration section */
		24A1719214742C4C005028F4 /* Debug */ = {
			isa = XCBuildConfiguration;
			buildSettings = {
				ALWAYS_SEARCH_USER_PATHS = NO;
				ARCHS = "$(ARCHS_STANDARD_32_BIT)";
				"CODE_SIGN_IDENTITY[sdk=iphoneos*]" = "iPhone Developer";
				COPY_PHASE_STRIP = NO;
				GCC_C_LANGUAGE_STANDARD = gnu99;
				GCC_DYNAMIC_NO_PIC = NO;
				GCC_OPTIMIZATION_LEVEL = 0;
				GCC_PREPROCESSOR_DEFINITIONS = (
					"DEBUG=1",
					"$(inherited)",
				);
				GCC_SYMBOLS_PRIVATE_EXTERN = NO;
				GCC_VERSION = com.apple.compilers.llvmgcc42;
				GCC_WARN_ABOUT_MISSING_PROTOTYPES = YES;
				GCC_WARN_ABOUT_RETURN_TYPE = YES;
				GCC_WARN_UNUSED_VARIABLE = YES;
				IPHONEOS_DEPLOYMENT_TARGET = 4.3;
				SDKROOT = iphoneos;
			};
			name = Debug;
		};
		24A1719314742C4C005028F4 /* Release */ = {
			isa = XCBuildConfiguration;
			buildSettings = {
				ALWAYS_SEARCH_USER_PATHS = NO;
				ARCHS = "$(ARCHS_STANDARD_32_BIT)";
				"CODE_SIGN_IDENTITY[sdk=iphoneos*]" = "iPhone Developer";
				COPY_PHASE_STRIP = YES;
				GCC_C_LANGUAGE_STANDARD = gnu99;
				GCC_VERSION = com.apple.compilers.llvmgcc42;
				GCC_WARN_ABOUT_MISSING_PROTOTYPES = YES;
				GCC_WARN_ABOUT_RETURN_TYPE = YES;
				GCC_WARN_UNUSED_VARIABLE = YES;
				IPHONEOS_DEPLOYMENT_TARGET = 4.3;
				OTHER_CFLAGS = "-DNS_BLOCK_ASSERTIONS=1";
				SDKROOT = iphoneos;
				VALIDATE_PRODUCT = YES;
			};
			name = Release;
		};
		24A1719514742C4C005028F4 /* Debug */ = {
			isa = XCBuildConfiguration;
			buildSettings = {
				GCC_PRECOMPILE_PREFIX_HEADER = YES;
				GCC_PREFIX_HEADER = "FieldGoalCharting/FieldGoalCharting-Prefix.pch";
				INFOPLIST_FILE = "FieldGoalCharting/FieldGoalCharting-Info.plist";
				PRODUCT_NAME = "$(TARGET_NAME)";
				WRAPPER_EXTENSION = app;
			};
			name = Debug;
		};
		24A1719614742C4C005028F4 /* Release */ = {
			isa = XCBuildConfiguration;
			buildSettings = {
				GCC_PRECOMPILE_PREFIX_HEADER = YES;
				GCC_PREFIX_HEADER = "FieldGoalCharting/FieldGoalCharting-Prefix.pch";
				INFOPLIST_FILE = "FieldGoalCharting/FieldGoalCharting-Info.plist";
				PRODUCT_NAME = "$(TARGET_NAME)";
				WRAPPER_EXTENSION = app;
			};
			name = Release;
		};
/* End XCBuildConfiguration section */

/* Begin XCConfigurationList section */
		24A1716E14742C49005028F4 /* Build configuration list for PBXProject "FieldGoalCharting" */ = {
			isa = XCConfigurationList;
			buildConfigurations = (
				24A1719214742C4C005028F4 /* Debug */,
				24A1719314742C4C005028F4 /* Release */,
			);
			defaultConfigurationIsVisible = 0;
			defaultConfigurationName = Release;
		};
		24A1719414742C4C005028F4 /* Build configuration list for PBXNativeTarget "FieldGoalCharting" */ = {
			isa = XCConfigurationList;
			buildConfigurations = (
				24A1719514742C4C005028F4 /* Debug */,
				24A1719614742C4C005028F4 /* Release */,
			);
			defaultConfigurationIsVisible = 0;
			defaultConfigurationName = Release;
		};
/* End XCConfigurationList section */

/* Begin XCVersionGroup section */
		24A1718F14742C4B005028F4 /* FieldGoalCharting.xcdatamodeld */ = {
			isa = XCVersionGroup;
			children = (
				24A1719014742C4B005028F4 /* FieldGoalCharting.xcdatamodel */,
			);
			currentVersion = 24A1719014742C4B005028F4 /* FieldGoalCharting.xcdatamodel */;
			path = FieldGoalCharting.xcdatamodeld;
			sourceTree = "<group>";
			versionGroupType = wrapper.xcdatamodel;
		};
/* End XCVersionGroup section */
	};
	rootObject = 24A1716B14742C49005028F4 /* Project object */;
}
